Microsoft Visual Studio Solution File, Format Version 12.00
# Visual Studio Version 17
VisualStudioVersion = 17.13.35931.197
MinimumVisualStudioVersion = 10.0.40219.1
Project("{FAE04EC0-301F-11D3-BF4B-00C04F79EFBC}") = "AssignmentOne", "AssignmentOne\AssignmentOne.csproj", "{BE37DCEB-4A7D-4D90-921E-D41144A5DBB5}"
EndProject
Project("{FAE04EC0-301F-11D3-BF4B-00C04F79EFBC}") = "AssignmentTwo", "AssignmentTwo\AssignmentTwo.csproj", "{5CB4AC6B-BE5E-4588-9D07-EE5CEBF4EAB8}"
EndProject
Project("{FAE04EC0-301F-11D3-BF4B-00C04F79EFBC}") = "AssignmentThree", "AssignmentThree\AssignmentThree.csproj", "{8BBAD944-B484-4788-8ADF-651FD5D56E74}"
EndProject
Project("{FAE04EC0-301F-11D3-BF4B-00C04F79EFBC}") = "pattern", "pattern\pattern.csproj", "{AD9D2193-9A7C-4890-89F1-499445D5E5B5}"
EndProject
Global
	GlobalSection(SolutionConfigurationPlatforms) = preSolution
		Debug|Any CPU = Debug|Any CPU
		Release|Any CPU = Release|Any CPU
	EndGlobalSection
	GlobalSection(ProjectConfigurationPlatforms) = postSolution
		{BE37DCEB-4A7D-4D90-921E-D41144A5DBB5}.Debug|Any CPU.ActiveCfg = Debug|Any CPU
		{BE37DCEB-4A7D-4D90-921E-D41144A5DBB5}.Debug|Any CPU.Build.0 = Debug|Any CPU
		{BE37DCEB-4A7D-4D90-921E-D41144A5DBB5}.Release|Any CPU.ActiveCfg = Release|Any CPU
		{BE37DCEB-4A7D-4D90-921E-D41144A5DBB5}.Release|Any CPU.Build.0 = Release|Any CPU
		{5CB4AC6B-BE5E-4588-9D07-EE5CEBF4EAB8}.Debug|Any CPU.ActiveCfg = Debug|Any CPU
		{5CB4AC6B-BE5E-4588-9D07-EE5CEBF4EAB8}.Debug|Any CPU.Build.0 = Debug|Any CPU
		{5CB4AC6B-BE5E-4588-9D07-EE5CEBF4EAB8}.Release|Any CPU.ActiveCfg = Release|Any CPU
		{5CB4AC6B-BE5E-4588-9D07-EE5CEBF4EAB8}.Release|Any CPU.Build.0 = Release|Any CPU
		{8BBAD944-B484-4788-8ADF-651FD5D56E74}.Debug|Any CPU.ActiveCfg = Debug|Any CPU
		{8BBAD944-B484-4788-8ADF-651FD5D56E74}.Debug|Any CPU.Build.0 = Debug|Any CPU
		{8BBAD944-B484-4788-8ADF-651FD5D56E74}.Release|Any CPU.ActiveCfg = Release|Any CPU
		{8BBAD944-B484-4788-8ADF-651FD5D56E74}.Release|Any CPU.Build.0 = Release|Any CPU
		{AD9D2193-9A7C-4890-89F1-499445D5E5B5}.Debug|Any CPU.ActiveCfg = Debug|Any CPU
		{AD9D2193-9A7C-4890-89F1-499445D5E5B5}.Debug|Any CPU.Build.0 = Debug|Any CPU
		{AD9D2193-9A7C-4890-89F1-499445D5E5B5}.Release|Any CPU.ActiveCfg = Release|Any CPU
		{AD9D2193-9A7C-4890-89F1-499445D5E5B5}.Release|Any CPU.Build.0 = Release|Any CPU
	EndGlobalSection
	GlobalSection(SolutionProperties) = preSolution
		HideSolutionNode = FALSE
	EndGlobalSection
	GlobalSection(ExtensibilityGlobals) = postSolution
		SolutionGuid = {40A48029-4905-4FD6-87A2-B653208B4062}
	EndGlobalSection
EndGlobal
